
Microsoft Visual Studio Solution File, Format Version 12.00
# Visual Studio Version 17
VisualStudioVersion = 17.3.32929.385
MinimumVisualStudioVersion = 10.0.40219.1
Project("{9A19103F-16F7-4668-BE54-9A1E7A4F7556}") = "Sistema_eleitoral", "Sistema_eleitoral\Sistema_eleitoral.csproj", "{1F9C9BC0-3A53-47CC-9BB9-9270890CB335}"
EndProject
Project("{9A19103F-16F7-4668-BE54-9A1E7A4F7556}") = "Models", "Models\Models.csproj", "{86F470EE-F29E-41F6-B221-5F9FE49D1AC6}"
EndProject
Project("{9A19103F-16F7-4668-BE54-9A1E7A4F7556}") = "DAL", "DAL\DAL.csproj", "{451E1220-20B0-4CFB-BADB-BCA3E224A3BA}"
EndProject
Project("{9A19103F-16F7-4668-BE54-9A1E7A4F7556}") = "BLL", "BLL\BLL.csproj", "{AF60FD3B-9B0C-45FC-82DA-72AAC8DAC83D}"
EndProject
Project("{FAE04EC0-301F-11D3-BF4B-00C04F79EFBC}") = "UiTerminalWindows", "UiTerminalWindows\UiTerminalWindows.csproj", "{F22EF324-CE5B-4B47-A8E2-AC6568C00843}"
EndProject
Global
	GlobalSection(SolutionConfigurationPlatforms) = preSolution
		Debug|Any CPU = Debug|Any CPU
		Release|Any CPU = Release|Any CPU
	EndGlobalSection
	GlobalSection(ProjectConfigurationPlatforms) = postSolution
		{1F9C9BC0-3A53-47CC-9BB9-9270890CB335}.Debug|Any CPU.ActiveCfg = Debug|Any CPU
		{1F9C9BC0-3A53-47CC-9BB9-9270890CB335}.Debug|Any CPU.Build.0 = Debug|Any CPU
		{1F9C9BC0-3A53-47CC-9BB9-9270890CB335}.Release|Any CPU.ActiveCfg = Release|Any CPU
		{1F9C9BC0-3A53-47CC-9BB9-9270890CB335}.Release|Any CPU.Build.0 = Release|Any CPU
		{86F470EE-F29E-41F6-B221-5F9FE49D1AC6}.Debug|Any CPU.ActiveCfg = Debug|Any CPU
		{86F470EE-F29E-41F6-B221-5F9FE49D1AC6}.Debug|Any CPU.Build.0 = Debug|Any CPU
		{86F470EE-F29E-41F6-B221-5F9FE49D1AC6}.Release|Any CPU.ActiveCfg = Release|Any CPU
		{86F470EE-F29E-41F6-B221-5F9FE49D1AC6}.Release|Any CPU.Build.0 = Release|Any CPU
		{451E1220-20B0-4CFB-BADB-BCA3E224A3BA}.Debug|Any CPU.ActiveCfg = Debug|Any CPU
		{451E1220-20B0-4CFB-BADB-BCA3E224A3BA}.Debug|Any CPU.Build.0 = Debug|Any CPU
		{451E1220-20B0-4CFB-BADB-BCA3E224A3BA}.Release|Any CPU.ActiveCfg = Release|Any CPU
		{451E1220-20B0-4CFB-BADB-BCA3E224A3BA}.Release|Any CPU.Build.0 = Release|Any CPU
		{AF60FD3B-9B0C-45FC-82DA-72AAC8DAC83D}.Debug|Any CPU.ActiveCfg = Debug|Any CPU
		{AF60FD3B-9B0C-45FC-82DA-72AAC8DAC83D}.Debug|Any CPU.Build.0 = Debug|Any CPU
		{AF60FD3B-9B0C-45FC-82DA-72AAC8DAC83D}.Release|Any CPU.ActiveCfg = Release|Any CPU
		{AF60FD3B-9B0C-45FC-82DA-72AAC8DAC83D}.Release|Any CPU.Build.0 = Release|Any CPU
		{F22EF324-CE5B-4B47-A8E2-AC6568C00843}.Debug|Any CPU.ActiveCfg = Debug|Any CPU
		{F22EF324-CE5B-4B47-A8E2-AC6568C00843}.Debug|Any CPU.Build.0 = Debug|Any CPU
		{F22EF324-CE5B-4B47-A8E2-AC6568C00843}.Release|Any CPU.ActiveCfg = Release|Any CPU
		{F22EF324-CE5B-4B47-A8E2-AC6568C00843}.Release|Any CPU.Build.0 = Release|Any CPU
	EndGlobalSection
	GlobalSection(SolutionProperties) = preSolution
		HideSolutionNode = FALSE
	EndGlobalSection
	GlobalSection(ExtensibilityGlobals) = postSolution
		SolutionGuid = {00AC39BB-E7D0-4B5F-BD29-DBA9FD58D49E}
	EndGlobalSection
EndGlobal
